
Microsoft Visual Studio Solution File, Format Version 12.00
Project("{FAE04EC0-301F-11D3-BF4B-00C04F79EFBC}") = "FPStarter", "FPStarter\FPStarter.csproj", "{F4B067C0-4396-4B47-83F6-E5475BE7D894}"
EndProject
Project("{F2A71F9B-5D33-465A-A702-920D77279786}") = "FSharpIntro", "FSharpIntro\FSharpIntro.fsproj", "{9E348C37-E6F4-452B-82CD-D7CD16E1CBE3}"
EndProject
Project("{FAE04EC0-301F-11D3-BF4B-00C04F79EFBC}") = "CountByTest", "CountByTest\CountByTest.csproj", "{140FEF5F-E8B0-41F8-A9AA-06F1D8D3EB6D}"
EndProject
Project("{2150E333-8FDC-42A3-9474-1A3956D46DE8}") = "Lesson", "Lesson", "{8BBCB50B-1C47-429C-B0FF-7926FC5014F2}"
EndProject
Project("{2150E333-8FDC-42A3-9474-1A3956D46DE8}") = "0. 函数式编程", "0. 函数式编程", "{40E7AF00-267E-482F-AFDD-3CF5FA4690F2}"
EndProject
Project("{FAE04EC0-301F-11D3-BF4B-00C04F79EFBC}") = "Ext", "Ext\Ext.csproj", "{DDAAE712-9284-4468-8AD8-C3C83D51510C}"
EndProject
Project("{FAE04EC0-301F-11D3-BF4B-00C04F79EFBC}") = "FPLearn.Cs", "FPLearn.Cs\FPLearn.Cs.csproj", "{05E8ACB1-5C68-4B0E-B77D-BF84CC1B3FBC}"
EndProject
Project("{F2A71F9B-5D33-465A-A702-920D77279786}") = "FPLearn.Fs", "FPLearn.Fs\FPLearn.Fs.fsproj", "{9E77CBCC-CED0-4B9C-A5FF-699004473DCF}"
EndProject
Project("{2150E333-8FDC-42A3-9474-1A3956D46DE8}") = "1. 高阶函数与纯函数", "1. 高阶函数与纯函数", "{8BE7A355-F10E-4387-9158-190415AFF9CC}"
EndProject
Project("{FAE04EC0-301F-11D3-BF4B-00C04F79EFBC}") = "HighAndPure.Cs", "Lesson\HighAndPure.Cs\HighAndPure.Cs.csproj", "{3AEA926D-5D05-4781-AA0F-FDF7A936D16B}"
EndProject
Project("{F2A71F9B-5D33-465A-A702-920D77279786}") = "HighAndPure.Fs", "Lesson\HighAndPure.Fs\HighAndPure.Fs.fsproj", "{6E9FF4A7-3840-43DD-A456-A5C4D7D7898C}"
EndProject
Project("{F2A71F9B-5D33-465A-A702-920D77279786}") = "HighAddPure.Fs.Video", "Lesson\HighAddPure.Fs.Video\HighAddPure.Fs.Video.fsproj", "{9D8FF37E-653B-4550-A60D-4D8F1441FC88}"
EndProject
Project("{FAE04EC0-301F-11D3-BF4B-00C04F79EFBC}") = "HighAddPure.Cs.Video", "Lesson\HighAddPure.Cs.Video\HighAddPure.Cs.Video.csproj", "{3D7E4BFB-7C66-4543-97BD-E83A8D0D0BA5}"
EndProject
Project("{2150E333-8FDC-42A3-9474-1A3956D46DE8}") = "2. 函数签名与诚实的函数", "2. 函数签名与诚实的函数", "{62001ED1-B2D2-457E-A893-F1AA9D7E31ED}"
EndProject
Project("{FAE04EC0-301F-11D3-BF4B-00C04F79EFBC}") = "FuncSign.Cs", "Lesson\FuncSign.Cs\FuncSign.Cs.csproj", "{D8C3D428-0480-492C-A066-14375DB3C097}"
EndProject
Project("{F2A71F9B-5D33-465A-A702-920D77279786}") = "FuncSign.Fs", "Lesson\FuncSign.Fs\FuncSign.Fs.fsproj", "{C9D2086F-032C-4483-92C1-BF5C50A206AA}"
EndProject
Project("{FAE04EC0-301F-11D3-BF4B-00C04F79EFBC}") = "FuncSign.Cs.Video", "Lesson\FuncSign.Cs.Video\FuncSign.Cs.Video.csproj", "{95BB4313-8CE7-4AA7-B099-0A1017522BA4}"
EndProject
Project("{F2A71F9B-5D33-465A-A702-920D77279786}") = "FuncSign.Fs.Video", "Lesson\FuncSign.Fs.Video\FuncSign.Fs.Video.fsproj", "{C7E702CA-822F-4B6D-A82C-9EE76F6D8CFC}"
EndProject
Project("{2150E333-8FDC-42A3-9474-1A3956D46DE8}") = "3. 记录类型", "3. 记录类型", "{225FC5C8-8906-4485-816C-9D99BF1A7A32}"
EndProject
Project("{FAE04EC0-301F-11D3-BF4B-00C04F79EFBC}") = "HowToUseRecord", "Lesson\HowToUseRecord\HowToUseRecord.csproj", "{1AC2090A-6EDD-4AF0-B7E4-8B596C1683E5}"
EndProject
Project("{FAE04EC0-301F-11D3-BF4B-00C04F79EFBC}") = "ImageSharpTest", "Lesson\ImageSharpTest\ImageSharpTest.csproj", "{2C29F9BF-5A41-4590-95E3-8781367A305A}"
EndProject
Project("{2150E333-8FDC-42A3-9474-1A3956D46DE8}") = "FSharpSample", "FSharpSample", "{44521534-4020-43A1-B046-82CAA605B260}"
EndProject
Project("{F2A71F9B-5D33-465A-A702-920D77279786}") = "SwissAlgorithm", "Lesson\SwissAlgorithm\SwissAlgorithm.fsproj", "{F30A1EF0-E784-4BB0-B608-C1A18B6FFA14}"
EndProject
Project("{FAE04EC0-301F-11D3-BF4B-00C04F79EFBC}") = "HowToUseRecord.Cs", "Lesson\HowToUseRecord.Cs\HowToUseRecord.Cs.csproj", "{D4CF8C04-1417-496A-B2B8-A6DB2C5B33D2}"
EndProject
Project("{F2A71F9B-5D33-465A-A702-920D77279786}") = "HowToUserRecord.Fs", "Lesson\HowToUserRecord.Fs\HowToUserRecord.Fs.fsproj", "{13EF7CB6-970F-4D52-A132-97A7387FD719}"
EndProject
Global
	GlobalSection(SolutionConfigurationPlatforms) = preSolution
		Debug|Any CPU = Debug|Any CPU
		Release|Any CPU = Release|Any CPU
	EndGlobalSection
	GlobalSection(ProjectConfigurationPlatforms) = postSolution
		{F4B067C0-4396-4B47-83F6-E5475BE7D894}.Debug|Any CPU.ActiveCfg = Debug|Any CPU
		{F4B067C0-4396-4B47-83F6-E5475BE7D894}.Debug|Any CPU.Build.0 = Debug|Any CPU
		{F4B067C0-4396-4B47-83F6-E5475BE7D894}.Release|Any CPU.ActiveCfg = Release|Any CPU
		{F4B067C0-4396-4B47-83F6-E5475BE7D894}.Release|Any CPU.Build.0 = Release|Any CPU
		{9E348C37-E6F4-452B-82CD-D7CD16E1CBE3}.Debug|Any CPU.ActiveCfg = Debug|Any CPU
		{9E348C37-E6F4-452B-82CD-D7CD16E1CBE3}.Debug|Any CPU.Build.0 = Debug|Any CPU
		{9E348C37-E6F4-452B-82CD-D7CD16E1CBE3}.Release|Any CPU.ActiveCfg = Release|Any CPU
		{9E348C37-E6F4-452B-82CD-D7CD16E1CBE3}.Release|Any CPU.Build.0 = Release|Any CPU
		{140FEF5F-E8B0-41F8-A9AA-06F1D8D3EB6D}.Debug|Any CPU.ActiveCfg = Debug|Any CPU
		{140FEF5F-E8B0-41F8-A9AA-06F1D8D3EB6D}.Debug|Any CPU.Build.0 = Debug|Any CPU
		{140FEF5F-E8B0-41F8-A9AA-06F1D8D3EB6D}.Release|Any CPU.ActiveCfg = Release|Any CPU
		{140FEF5F-E8B0-41F8-A9AA-06F1D8D3EB6D}.Release|Any CPU.Build.0 = Release|Any CPU
		{DDAAE712-9284-4468-8AD8-C3C83D51510C}.Debug|Any CPU.ActiveCfg = Debug|Any CPU
		{DDAAE712-9284-4468-8AD8-C3C83D51510C}.Debug|Any CPU.Build.0 = Debug|Any CPU
		{DDAAE712-9284-4468-8AD8-C3C83D51510C}.Release|Any CPU.ActiveCfg = Release|Any CPU
		{DDAAE712-9284-4468-8AD8-C3C83D51510C}.Release|Any CPU.Build.0 = Release|Any CPU
		{05E8ACB1-5C68-4B0E-B77D-BF84CC1B3FBC}.Debug|Any CPU.ActiveCfg = Debug|Any CPU
		{05E8ACB1-5C68-4B0E-B77D-BF84CC1B3FBC}.Debug|Any CPU.Build.0 = Debug|Any CPU
		{05E8ACB1-5C68-4B0E-B77D-BF84CC1B3FBC}.Release|Any CPU.ActiveCfg = Release|Any CPU
		{05E8ACB1-5C68-4B0E-B77D-BF84CC1B3FBC}.Release|Any CPU.Build.0 = Release|Any CPU
		{9E77CBCC-CED0-4B9C-A5FF-699004473DCF}.Debug|Any CPU.ActiveCfg = Debug|Any CPU
		{9E77CBCC-CED0-4B9C-A5FF-699004473DCF}.Debug|Any CPU.Build.0 = Debug|Any CPU
		{9E77CBCC-CED0-4B9C-A5FF-699004473DCF}.Release|Any CPU.ActiveCfg = Release|Any CPU
		{9E77CBCC-CED0-4B9C-A5FF-699004473DCF}.Release|Any CPU.Build.0 = Release|Any CPU
		{3AEA926D-5D05-4781-AA0F-FDF7A936D16B}.Debug|Any CPU.ActiveCfg = Debug|Any CPU
		{3AEA926D-5D05-4781-AA0F-FDF7A936D16B}.Debug|Any CPU.Build.0 = Debug|Any CPU
		{3AEA926D-5D05-4781-AA0F-FDF7A936D16B}.Release|Any CPU.ActiveCfg = Release|Any CPU
		{3AEA926D-5D05-4781-AA0F-FDF7A936D16B}.Release|Any CPU.Build.0 = Release|Any CPU
		{6E9FF4A7-3840-43DD-A456-A5C4D7D7898C}.Debug|Any CPU.ActiveCfg = Debug|Any CPU
		{6E9FF4A7-3840-43DD-A456-A5C4D7D7898C}.Debug|Any CPU.Build.0 = Debug|Any CPU
		{6E9FF4A7-3840-43DD-A456-A5C4D7D7898C}.Release|Any CPU.ActiveCfg = Release|Any CPU
		{6E9FF4A7-3840-43DD-A456-A5C4D7D7898C}.Release|Any CPU.Build.0 = Release|Any CPU
		{9D8FF37E-653B-4550-A60D-4D8F1441FC88}.Debug|Any CPU.ActiveCfg = Debug|Any CPU
		{9D8FF37E-653B-4550-A60D-4D8F1441FC88}.Debug|Any CPU.Build.0 = Debug|Any CPU
		{9D8FF37E-653B-4550-A60D-4D8F1441FC88}.Release|Any CPU.ActiveCfg = Release|Any CPU
		{9D8FF37E-653B-4550-A60D-4D8F1441FC88}.Release|Any CPU.Build.0 = Release|Any CPU
		{3D7E4BFB-7C66-4543-97BD-E83A8D0D0BA5}.Debug|Any CPU.ActiveCfg = Debug|Any CPU
		{3D7E4BFB-7C66-4543-97BD-E83A8D0D0BA5}.Debug|Any CPU.Build.0 = Debug|Any CPU
		{3D7E4BFB-7C66-4543-97BD-E83A8D0D0BA5}.Release|Any CPU.ActiveCfg = Release|Any CPU
		{3D7E4BFB-7C66-4543-97BD-E83A8D0D0BA5}.Release|Any CPU.Build.0 = Release|Any CPU
		{D8C3D428-0480-492C-A066-14375DB3C097}.Debug|Any CPU.ActiveCfg = Debug|Any CPU
		{D8C3D428-0480-492C-A066-14375DB3C097}.Debug|Any CPU.Build.0 = Debug|Any CPU
		{D8C3D428-0480-492C-A066-14375DB3C097}.Release|Any CPU.ActiveCfg = Release|Any CPU
		{D8C3D428-0480-492C-A066-14375DB3C097}.Release|Any CPU.Build.0 = Release|Any CPU
		{C9D2086F-032C-4483-92C1-BF5C50A206AA}.Debug|Any CPU.ActiveCfg = Debug|Any CPU
		{C9D2086F-032C-4483-92C1-BF5C50A206AA}.Debug|Any CPU.Build.0 = Debug|Any CPU
		{C9D2086F-032C-4483-92C1-BF5C50A206AA}.Release|Any CPU.ActiveCfg = Release|Any CPU
		{C9D2086F-032C-4483-92C1-BF5C50A206AA}.Release|Any CPU.Build.0 = Release|Any CPU
		{95BB4313-8CE7-4AA7-B099-0A1017522BA4}.Debug|Any CPU.ActiveCfg = Debug|Any CPU
		{95BB4313-8CE7-4AA7-B099-0A1017522BA4}.Debug|Any CPU.Build.0 = Debug|Any CPU
		{95BB4313-8CE7-4AA7-B099-0A1017522BA4}.Release|Any CPU.ActiveCfg = Release|Any CPU
		{95BB4313-8CE7-4AA7-B099-0A1017522BA4}.Release|Any CPU.Build.0 = Release|Any CPU
		{C7E702CA-822F-4B6D-A82C-9EE76F6D8CFC}.Debug|Any CPU.ActiveCfg = Debug|Any CPU
		{C7E702CA-822F-4B6D-A82C-9EE76F6D8CFC}.Debug|Any CPU.Build.0 = Debug|Any CPU
		{C7E702CA-822F-4B6D-A82C-9EE76F6D8CFC}.Release|Any CPU.ActiveCfg = Release|Any CPU
		{C7E702CA-822F-4B6D-A82C-9EE76F6D8CFC}.Release|Any CPU.Build.0 = Release|Any CPU
		{1AC2090A-6EDD-4AF0-B7E4-8B596C1683E5}.Debug|Any CPU.ActiveCfg = Debug|Any CPU
		{1AC2090A-6EDD-4AF0-B7E4-8B596C1683E5}.Debug|Any CPU.Build.0 = Debug|Any CPU
		{1AC2090A-6EDD-4AF0-B7E4-8B596C1683E5}.Release|Any CPU.ActiveCfg = Release|Any CPU
		{1AC2090A-6EDD-4AF0-B7E4-8B596C1683E5}.Release|Any CPU.Build.0 = Release|Any CPU
		{2C29F9BF-5A41-4590-95E3-8781367A305A}.Debug|Any CPU.ActiveCfg = Debug|Any CPU
		{2C29F9BF-5A41-4590-95E3-8781367A305A}.Debug|Any CPU.Build.0 = Debug|Any CPU
		{2C29F9BF-5A41-4590-95E3-8781367A305A}.Release|Any CPU.ActiveCfg = Release|Any CPU
		{2C29F9BF-5A41-4590-95E3-8781367A305A}.Release|Any CPU.Build.0 = Release|Any CPU
		{F30A1EF0-E784-4BB0-B608-C1A18B6FFA14}.Debug|Any CPU.ActiveCfg = Debug|Any CPU
		{F30A1EF0-E784-4BB0-B608-C1A18B6FFA14}.Debug|Any CPU.Build.0 = Debug|Any CPU
		{F30A1EF0-E784-4BB0-B608-C1A18B6FFA14}.Release|Any CPU.ActiveCfg = Release|Any CPU
		{F30A1EF0-E784-4BB0-B608-C1A18B6FFA14}.Release|Any CPU.Build.0 = Release|Any CPU
		{D4CF8C04-1417-496A-B2B8-A6DB2C5B33D2}.Debug|Any CPU.ActiveCfg = Debug|Any CPU
		{D4CF8C04-1417-496A-B2B8-A6DB2C5B33D2}.Debug|Any CPU.Build.0 = Debug|Any CPU
		{D4CF8C04-1417-496A-B2B8-A6DB2C5B33D2}.Release|Any CPU.ActiveCfg = Release|Any CPU
		{D4CF8C04-1417-496A-B2B8-A6DB2C5B33D2}.Release|Any CPU.Build.0 = Release|Any CPU
		{13EF7CB6-970F-4D52-A132-97A7387FD719}.Debug|Any CPU.ActiveCfg = Debug|Any CPU
		{13EF7CB6-970F-4D52-A132-97A7387FD719}.Debug|Any CPU.Build.0 = Debug|Any CPU
		{13EF7CB6-970F-4D52-A132-97A7387FD719}.Release|Any CPU.ActiveCfg = Release|Any CPU
		{13EF7CB6-970F-4D52-A132-97A7387FD719}.Release|Any CPU.Build.0 = Release|Any CPU
	EndGlobalSection
	GlobalSection(NestedProjects) = preSolution
		{40E7AF00-267E-482F-AFDD-3CF5FA4690F2} = {8BBCB50B-1C47-429C-B0FF-7926FC5014F2}
		{05E8ACB1-5C68-4B0E-B77D-BF84CC1B3FBC} = {40E7AF00-267E-482F-AFDD-3CF5FA4690F2}
		{9E77CBCC-CED0-4B9C-A5FF-699004473DCF} = {40E7AF00-267E-482F-AFDD-3CF5FA4690F2}
		{8BE7A355-F10E-4387-9158-190415AFF9CC} = {8BBCB50B-1C47-429C-B0FF-7926FC5014F2}
		{3AEA926D-5D05-4781-AA0F-FDF7A936D16B} = {8BE7A355-F10E-4387-9158-190415AFF9CC}
		{6E9FF4A7-3840-43DD-A456-A5C4D7D7898C} = {8BE7A355-F10E-4387-9158-190415AFF9CC}
		{9D8FF37E-653B-4550-A60D-4D8F1441FC88} = {8BE7A355-F10E-4387-9158-190415AFF9CC}
		{3D7E4BFB-7C66-4543-97BD-E83A8D0D0BA5} = {8BE7A355-F10E-4387-9158-190415AFF9CC}
		{62001ED1-B2D2-457E-A893-F1AA9D7E31ED} = {8BBCB50B-1C47-429C-B0FF-7926FC5014F2}
		{D8C3D428-0480-492C-A066-14375DB3C097} = {62001ED1-B2D2-457E-A893-F1AA9D7E31ED}
		{C9D2086F-032C-4483-92C1-BF5C50A206AA} = {62001ED1-B2D2-457E-A893-F1AA9D7E31ED}
		{95BB4313-8CE7-4AA7-B099-0A1017522BA4} = {62001ED1-B2D2-457E-A893-F1AA9D7E31ED}
		{C7E702CA-822F-4B6D-A82C-9EE76F6D8CFC} = {62001ED1-B2D2-457E-A893-F1AA9D7E31ED}
		{225FC5C8-8906-4485-816C-9D99BF1A7A32} = {8BBCB50B-1C47-429C-B0FF-7926FC5014F2}
		{1AC2090A-6EDD-4AF0-B7E4-8B596C1683E5} = {225FC5C8-8906-4485-816C-9D99BF1A7A32}
		{2C29F9BF-5A41-4590-95E3-8781367A305A} = {225FC5C8-8906-4485-816C-9D99BF1A7A32}
		{44521534-4020-43A1-B046-82CAA605B260} = {8BBCB50B-1C47-429C-B0FF-7926FC5014F2}
		{F30A1EF0-E784-4BB0-B608-C1A18B6FFA14} = {44521534-4020-43A1-B046-82CAA605B260}
		{D4CF8C04-1417-496A-B2B8-A6DB2C5B33D2} = {225FC5C8-8906-4485-816C-9D99BF1A7A32}
		{13EF7CB6-970F-4D52-A132-97A7387FD719} = {225FC5C8-8906-4485-816C-9D99BF1A7A32}
	EndGlobalSection
EndGlobal
