
Microsoft Visual Studio Solution File, Format Version 12.00
Project("{FAE04EC0-301F-11D3-BF4B-00C04F79EFBC}") = "FPStarter", "FPStarter\FPStarter.csproj", "{F4B067C0-4396-4B47-83F6-E5475BE7D894}"
EndProject
Project("{F2A71F9B-5D33-465A-A702-920D77279786}") = "FSharpIntro", "FSharpIntro\FSharpIntro.fsproj", "{9E348C37-E6F4-452B-82CD-D7CD16E1CBE3}"
EndProject
Project("{FAE04EC0-301F-11D3-BF4B-00C04F79EFBC}") = "CountByTest", "CountByTest\CountByTest.csproj", "{140FEF5F-E8B0-41F8-A9AA-06F1D8D3EB6D}"
EndProject
Project("{2150E333-8FDC-42A3-9474-1A3956D46DE8}") = "Lesson", "Lesson", "{8BBCB50B-1C47-429C-B0FF-7926FC5014F2}"
EndProject
Project("{2150E333-8FDC-42A3-9474-1A3956D46DE8}") = "0. 函数式编程", "0. 函数式编程", "{40E7AF00-267E-482F-AFDD-3CF5FA4690F2}"
EndProject
Project("{FAE04EC0-301F-11D3-BF4B-00C04F79EFBC}") = "Ext", "Ext\Ext.csproj", "{DDAAE712-9284-4468-8AD8-C3C83D51510C}"
EndProject
Project("{FAE04EC0-301F-11D3-BF4B-00C04F79EFBC}") = "FPLearn.Cs", "FPLearn.Cs\FPLearn.Cs.csproj", "{05E8ACB1-5C68-4B0E-B77D-BF84CC1B3FBC}"
EndProject
Project("{F2A71F9B-5D33-465A-A702-920D77279786}") = "FPLearn.Fs", "FPLearn.Fs\FPLearn.Fs.fsproj", "{9E77CBCC-CED0-4B9C-A5FF-699004473DCF}"
EndProject
Global
	GlobalSection(SolutionConfigurationPlatforms) = preSolution
		Debug|Any CPU = Debug|Any CPU
		Release|Any CPU = Release|Any CPU
	EndGlobalSection
	GlobalSection(ProjectConfigurationPlatforms) = postSolution
		{F4B067C0-4396-4B47-83F6-E5475BE7D894}.Debug|Any CPU.ActiveCfg = Debug|Any CPU
		{F4B067C0-4396-4B47-83F6-E5475BE7D894}.Debug|Any CPU.Build.0 = Debug|Any CPU
		{F4B067C0-4396-4B47-83F6-E5475BE7D894}.Release|Any CPU.ActiveCfg = Release|Any CPU
		{F4B067C0-4396-4B47-83F6-E5475BE7D894}.Release|Any CPU.Build.0 = Release|Any CPU
		{9E348C37-E6F4-452B-82CD-D7CD16E1CBE3}.Debug|Any CPU.ActiveCfg = Debug|Any CPU
		{9E348C37-E6F4-452B-82CD-D7CD16E1CBE3}.Debug|Any CPU.Build.0 = Debug|Any CPU
		{9E348C37-E6F4-452B-82CD-D7CD16E1CBE3}.Release|Any CPU.ActiveCfg = Release|Any CPU
		{9E348C37-E6F4-452B-82CD-D7CD16E1CBE3}.Release|Any CPU.Build.0 = Release|Any CPU
		{140FEF5F-E8B0-41F8-A9AA-06F1D8D3EB6D}.Debug|Any CPU.ActiveCfg = Debug|Any CPU
		{140FEF5F-E8B0-41F8-A9AA-06F1D8D3EB6D}.Debug|Any CPU.Build.0 = Debug|Any CPU
		{140FEF5F-E8B0-41F8-A9AA-06F1D8D3EB6D}.Release|Any CPU.ActiveCfg = Release|Any CPU
		{140FEF5F-E8B0-41F8-A9AA-06F1D8D3EB6D}.Release|Any CPU.Build.0 = Release|Any CPU
		{DDAAE712-9284-4468-8AD8-C3C83D51510C}.Debug|Any CPU.ActiveCfg = Debug|Any CPU
		{DDAAE712-9284-4468-8AD8-C3C83D51510C}.Debug|Any CPU.Build.0 = Debug|Any CPU
		{DDAAE712-9284-4468-8AD8-C3C83D51510C}.Release|Any CPU.ActiveCfg = Release|Any CPU
		{DDAAE712-9284-4468-8AD8-C3C83D51510C}.Release|Any CPU.Build.0 = Release|Any CPU
		{05E8ACB1-5C68-4B0E-B77D-BF84CC1B3FBC}.Debug|Any CPU.ActiveCfg = Debug|Any CPU
		{05E8ACB1-5C68-4B0E-B77D-BF84CC1B3FBC}.Debug|Any CPU.Build.0 = Debug|Any CPU
		{05E8ACB1-5C68-4B0E-B77D-BF84CC1B3FBC}.Release|Any CPU.ActiveCfg = Release|Any CPU
		{05E8ACB1-5C68-4B0E-B77D-BF84CC1B3FBC}.Release|Any CPU.Build.0 = Release|Any CPU
		{9E77CBCC-CED0-4B9C-A5FF-699004473DCF}.Debug|Any CPU.ActiveCfg = Debug|Any CPU
		{9E77CBCC-CED0-4B9C-A5FF-699004473DCF}.Debug|Any CPU.Build.0 = Debug|Any CPU
		{9E77CBCC-CED0-4B9C-A5FF-699004473DCF}.Release|Any CPU.ActiveCfg = Release|Any CPU
		{9E77CBCC-CED0-4B9C-A5FF-699004473DCF}.Release|Any CPU.Build.0 = Release|Any CPU
	EndGlobalSection
	GlobalSection(NestedProjects) = preSolution
		{40E7AF00-267E-482F-AFDD-3CF5FA4690F2} = {8BBCB50B-1C47-429C-B0FF-7926FC5014F2}
		{05E8ACB1-5C68-4B0E-B77D-BF84CC1B3FBC} = {40E7AF00-267E-482F-AFDD-3CF5FA4690F2}
		{9E77CBCC-CED0-4B9C-A5FF-699004473DCF} = {40E7AF00-267E-482F-AFDD-3CF5FA4690F2}
	EndGlobalSection
EndGlobal
